
Microsoft Visual Studio Solution File, Format Version 12.00
# Visual Studio Version 17
VisualStudioVersion = 17.8.34316.72
MinimumVisualStudioVersion = 10.0.40219.1
Project("{FAE04EC0-301F-11D3-BF4B-00C04F79EFBC}") = "JTL_Lieferschein_versendet", "ExternDLL\JTL_Lieferschein_versendet.csproj", "{72809D15-8B5C-4B89-9BF0-D4A926962E75}"
EndProject
Global
	GlobalSection(SolutionConfigurationPlatforms) = preSolution
		Debug|Any CPU = Debug|Any CPU
		Release|Any CPU = Release|Any CPU
	EndGlobalSection
	GlobalSection(ProjectConfigurationPlatforms) = postSolution
		{72809D15-8B5C-4B89-9BF0-D4A926962E75}.Debug|Any CPU.ActiveCfg = Debug|Any CPU
		{72809D15-8B5C-4B89-9BF0-D4A926962E75}.Debug|Any CPU.Build.0 = Debug|Any CPU
		{72809D15-8B5C-4B89-9BF0-D4A926962E75}.Release|Any CPU.ActiveCfg = Release|Any CPU
		{72809D15-8B5C-4B89-9BF0-D4A926962E75}.Release|Any CPU.Build.0 = Release|Any CPU
	EndGlobalSection
	GlobalSection(SolutionProperties) = preSolution
		HideSolutionNode = FALSE
	EndGlobalSection
EndGlobal
